
Microsoft Visual Studio Solution File, Format Version 12.00
# Visual Studio Version 16
VisualStudioVersion = 16.0.32002.261
MinimumVisualStudioVersion = 10.0.40219.1
Project("{FAE04EC0-301F-11D3-BF4B-00C04F79EFBC}") = "ServerConfigRest_123", "ServerConfigRest_123\ServerConfigRest_123.csproj", "{579CD76A-E1A5-44FC-945A-218A376DB8D7}"
EndProject
Global
	GlobalSection(SolutionConfigurationPlatforms) = preSolution
		Debug|Any CPU = Debug|Any CPU
		Release|Any CPU = Release|Any CPU
	EndGlobalSection
	GlobalSection(ProjectConfigurationPlatforms) = postSolution
		{579CD76A-E1A5-44FC-945A-218A376DB8D7}.Debug|Any CPU.ActiveCfg = Debug|Any CPU
		{579CD76A-E1A5-44FC-945A-218A376DB8D7}.Debug|Any CPU.Build.0 = Debug|Any CPU
		{579CD76A-E1A5-44FC-945A-218A376DB8D7}.Release|Any CPU.ActiveCfg = Release|Any CPU
		{579CD76A-E1A5-44FC-945A-218A376DB8D7}.Release|Any CPU.Build.0 = Release|Any CPU
	EndGlobalSection
	GlobalSection(SolutionProperties) = preSolution
		HideSolutionNode = FALSE
	EndGlobalSection
	GlobalSection(ExtensibilityGlobals) = postSolution
		SolutionGuid = {6E583804-9F70-4687-BBCC-7805CA1F9B63}
	EndGlobalSection
EndGlobal
